
Microsoft Visual Studio Solution File, Format Version 12.00
# Visual Studio Version 16
VisualStudioVersion = 16.0.29519.87
MinimumVisualStudioVersion = 10.0.40219.1
Project("{FAE04EC0-301F-11D3-BF4B-00C04F79EFBC}") = "CoursesApplication", "CoursesApplication\CoursesApplication.csproj", "{1DF7A08B-8B1F-49E0-B76C-C87C7BC469FE}"
EndProject
Global
	GlobalSection(SolutionConfigurationPlatforms) = preSolution
		Debug|Any CPU = Debug|Any CPU
		Release|Any CPU = Release|Any CPU
	EndGlobalSection
	GlobalSection(ProjectConfigurationPlatforms) = postSolution
		{1DF7A08B-8B1F-49E0-B76C-C87C7BC469FE}.Debug|Any CPU.ActiveCfg = Debug|Any CPU
		{1DF7A08B-8B1F-49E0-B76C-C87C7BC469FE}.Debug|Any CPU.Build.0 = Debug|Any CPU
		{1DF7A08B-8B1F-49E0-B76C-C87C7BC469FE}.Release|Any CPU.ActiveCfg = Release|Any CPU
		{1DF7A08B-8B1F-49E0-B76C-C87C7BC469FE}.Release|Any CPU.Build.0 = Release|Any CPU
	EndGlobalSection
	GlobalSection(SolutionProperties) = preSolution
		HideSolutionNode = FALSE
	EndGlobalSection
	GlobalSection(ExtensibilityGlobals) = postSolution
		SolutionGuid = {A3EAF640-6EC4-4603-8FFA-8A202DE89178}
	EndGlobalSection
EndGlobal
